PackratFormat: 1.4
PackratVersion: 0.9.2
RVersion: 4.3.2
Repos: CRAN=https://p3m.dev/cran/__linux__/jammy/latest

Package: R6
Source: RSPM
Version: 2.5.1
Hash: 54378e523d0281f8d38c379484a3b7b5

Package: brew
Source: RSPM
Version: 1.0-10
Hash: 351dd8740b0e829369bd6bbb50ea570b

Package: callr
Source: RSPM
Version: 3.7.3
Hash: 23e7c3c608e2ffd6416e9b3b3930e5dc
Requires: R6, processx

Package: cli
Source: RSPM
Version: 3.6.2
Hash: f8c6962f1b224fe07db30b46cf953001

Package: commonmark
Source: RSPM
Version: 1.9.0
Hash: 163e0514adafa25e25c9aa5d11d778cb

Package: cpp11
Source: CRAN
Version: 0.4.7

Package: crayon
Source: RSPM
Version: 1.5.2
Hash: 7904f3b18063550691940a88a588807e

Package: desc
Source: RSPM
Version: 1.4.3
Hash: 492f5e5369a6fd09ea0047db6c64dc89
Requires: R6, cli

Package: docstring
Source: RSPM
Version: 1.0.0
Hash: 649a026443c7c913a647e7c9a854c5e3
Requires: roxygen2

Package: dplyr
Source: RSPM
Version: 1.1.4
Hash: cf8609b7c84324aacf04ff14136885ab
Requires: R6, cli, glue, lifecycle, magrittr, rlang, vctrs, generics,
    pillar, tibble, tidyselect

Package: evaluate
Source: RSPM
Version: 0.23
Hash: 08739f5d201ad615bfc00b5dfb25eae2

Package: fansi
Source: RSPM
Version: 1.0.6
Hash: 6450a7e808fb5201cd5d63b40e9562b1

Package: fs
Source: RSPM
Version: 1.6.3
Hash: 86d3c08b9086b3fbbf03b958482bb919

Package: generics
Source: RSPM
Version: 0.1.3
Hash: a6c0d980f278aa9014c38d0d12d87a69

Package: glue
Source: RSPM
Version: 1.6.2
Hash: 830d10f9f46e05aadfe458d2d31849e7

Package: highr
Source: RSPM
Version: 0.10
Hash: 9626903e1534b1b96636b0687f0af8e3
Requires: xfun

Package: knitr
Source: RSPM
Version: 1.45
Hash: 46d32128afc352f67ff00303ea0f1696
Requires: evaluate, highr, xfun, yaml

Package: lifecycle
Source: RSPM
Version: 1.0.4
Hash: e5df1048a7975c2b3446b405c315653f
Requires: cli, glue, rlang

Package: magrittr
Source: RSPM
Version: 2.0.3
Hash: b323532bfd2fe948d0eb19afa866cb12

Package: packrat
Source: RSPM
Version: 0.9.2
Hash: d3bf41196a75aea08470c041f34bddff

Package: pillar
Source: RSPM
Version: 1.9.0
Hash: b67d111d1d9bed9554805b7f4a2fab75
Requires: cli, glue, lifecycle, rlang, vctrs, fansi, utf8

Package: pkgbuild
Source: RSPM
Version: 1.4.3
Hash: f3fee4c8b16e496d773e58fbd920b5ec
Requires: R6, callr, cli, desc, processx

Package: pkgconfig
Source: RSPM
Version: 2.0.3
Hash: 5ff5f2361851a49534c96caa2a8071c7

Package: pkgload
Source: RSPM
Version: 1.3.3
Hash: 71bad454390723600461859bccd7b10c
Requires: cli, crayon, desc, fs, glue, pkgbuild, rlang, rprojroot,
    withr

Package: processx
Source: RSPM
Version: 3.8.3
Hash: 90b39e7b31ff53ec7c72e8b481f402de
Requires: R6, ps

Package: ps
Source: RSPM
Version: 1.7.5
Hash: e66768bb271558f9eb3dcc56be5b50ef

Package: purrr
Source: RSPM
Version: 1.0.2
Hash: b0a99e741871b658b8356a6a1ceb7d5b
Requires: cli, rlang, lifecycle, magrittr, vctrs

Package: rlang
Source: RSPM
Version: 1.1.2
Hash: d8b8ecf0f7c61c8b2c963bf80db2e6a7

Package: roxygen2
Source: RSPM
Version: 7.2.3
Hash: c43d587e580ff3ecccac7e668a372b42
Requires: R6, brew, cli, commonmark, desc, knitr, pkgload, purrr,
    rlang, stringi, stringr, withr, xml2, cpp11

Package: rprojroot
Source: RSPM
Version: 2.0.4
Hash: 573b6a8df5f488bc54fd903bd98ce410

Package: stringi
Source: RSPM
Version: 1.8.3
Hash: 608a29f54ad5a0806b464d9541142983

Package: stringr
Source: RSPM
Version: 1.5.1
Hash: 388874452357c95404e3daac7aaa3f16
Requires: cli, glue, lifecycle, magrittr, rlang, stringi, vctrs

Package: tibble
Source: RSPM
Version: 3.2.1
Hash: f634c4ad37cc3daf43bff89d25575d98
Requires: fansi, lifecycle, magrittr, pillar, rlang, vctrs, pkgconfig

Package: tidyselect
Source: RSPM
Version: 1.2.0
Hash: a8024839f4e6ad6f05fef2bf4ba21fc5
Requires: cli, glue, lifecycle, rlang, vctrs, withr

Package: utf8
Source: RSPM
Version: 1.2.4
Hash: 3170edfc15fee35a12c915c8637660a6

Package: vctrs
Source: RSPM
Version: 0.6.5
Hash: 50e265b536157c64e9c3704bb47d4da2
Requires: cli, glue, lifecycle, rlang

Package: withr
Source: RSPM
Version: 2.5.2
Hash: a519a9d43a0552c05807e8b1d9d3e905

Package: xfun
Source: RSPM
Version: 0.41
Hash: b932fb807fc204a73eaeb0d3f506f2ff

Package: xml2
Source: RSPM
Version: 1.3.6
Hash: ee0239ee1f660d254e73662d3057cf72
Requires: cli, rlang

Package: yaml
Source: RSPM
Version: 2.3.8
Hash: 880bff82bf72ff70050084845e4b80e0
